
Microsoft Visual Studio Solution File, Format Version 12.00
# Visual Studio Version 16
VisualStudioVersion = 16.0.31205.134
MinimumVisualStudioVersion = 10.0.40219.1
Project("{FAE04EC0-301F-11D3-BF4B-00C04F79EFBC}") = "TILab4", "TILab4.csproj", "{A6DCA533-04EB-4B66-9F57-46BACA1406CE}"
EndProject
Global
	GlobalSection(SolutionConfigurationPlatforms) = preSolution
		Debug|Any CPU = Debug|Any CPU
		Release|Any CPU = Release|Any CPU
	EndGlobalSection
	GlobalSection(ProjectConfigurationPlatforms) = postSolution
		{A6DCA533-04EB-4B66-9F57-46BACA1406CE}.Debug|Any CPU.ActiveCfg = Debug|Any CPU
		{A6DCA533-04EB-4B66-9F57-46BACA1406CE}.Debug|Any CPU.Build.0 = Debug|Any CPU
		{A6DCA533-04EB-4B66-9F57-46BACA1406CE}.Release|Any CPU.ActiveCfg = Release|Any CPU
		{A6DCA533-04EB-4B66-9F57-46BACA1406CE}.Release|Any CPU.Build.0 = Release|Any CPU
	EndGlobalSection
	GlobalSection(SolutionProperties) = preSolution
		HideSolutionNode = FALSE
	EndGlobalSection
	GlobalSection(ExtensibilityGlobals) = postSolution
		SolutionGuid = {F83972BF-1EA7-4AB0-AB4C-75D493446AA0}
	EndGlobalSection
EndGlobal
